
Microsoft Visual Studio Solution File, Format Version 12.00
# Visual Studio 14
VisualStudioVersion = 14.0.23107.0
MinimumVisualStudioVersion = 10.0.40219.1
Project("{FAE04EC0-301F-11D3-BF4B-00C04F79EFBC}") = "FadeJson", "FadeJson\FadeJson.csproj", "{8A08E168-685C-4753-B25D-FA57A455EE20}"
EndProject
Project("{FAE04EC0-301F-11D3-BF4B-00C04F79EFBC}") = "FadeJson.ClassExporter", "FadeJson.ClassExporter\FadeJson.ClassExporter.csproj", "{57C107C5-BA2D-46AF-A15A-B3A69F382E91}"
EndProject
Project("{FAE04EC0-301F-11D3-BF4B-00C04F79EFBC}") = "FadeJson.Test", "FadeJson.Test\FadeJson.Test.csproj", "{09AEF70D-23BC-45EF-98D7-48DBB8362589}"
EndProject
Global
	GlobalSection(SolutionConfigurationPlatforms) = preSolution
		Debug|Any CPU = Debug|Any CPU
		Release|Any CPU = Release|Any CPU
	EndGlobalSection
	GlobalSection(ProjectConfigurationPlatforms) = postSolution
		{8A08E168-685C-4753-B25D-FA57A455EE20}.Debug|Any CPU.ActiveCfg = Debug|Any CPU
		{8A08E168-685C-4753-B25D-FA57A455EE20}.Debug|Any CPU.Build.0 = Debug|Any CPU
		{8A08E168-685C-4753-B25D-FA57A455EE20}.Release|Any CPU.ActiveCfg = Release|Any CPU
		{8A08E168-685C-4753-B25D-FA57A455EE20}.Release|Any CPU.Build.0 = Release|Any CPU
		{57C107C5-BA2D-46AF-A15A-B3A69F382E91}.Debug|Any CPU.ActiveCfg = Debug|Any CPU
		{57C107C5-BA2D-46AF-A15A-B3A69F382E91}.Debug|Any CPU.Build.0 = Debug|Any CPU
		{57C107C5-BA2D-46AF-A15A-B3A69F382E91}.Release|Any CPU.ActiveCfg = Release|Any CPU
		{57C107C5-BA2D-46AF-A15A-B3A69F382E91}.Release|Any CPU.Build.0 = Release|Any CPU
		{09AEF70D-23BC-45EF-98D7-48DBB8362589}.Debug|Any CPU.ActiveCfg = Debug|Any CPU
		{09AEF70D-23BC-45EF-98D7-48DBB8362589}.Debug|Any CPU.Build.0 = Debug|Any CPU
		{09AEF70D-23BC-45EF-98D7-48DBB8362589}.Release|Any CPU.ActiveCfg = Release|Any CPU
		{09AEF70D-23BC-45EF-98D7-48DBB8362589}.Release|Any CPU.Build.0 = Release|Any CPU
	EndGlobalSection
	GlobalSection(SolutionProperties) = preSolution
		HideSolutionNode = FALSE
	EndGlobalSection
EndGlobal
